
Microsoft Visual Studio Solution File, Format Version 12.00
# Visual Studio Version 17
VisualStudioVersion = 17.13.35931.197
MinimumVisualStudioVersion = 10.0.40219.1
Project("{FAE04EC0-301F-11D3-BF4B-00C04F79EFBC}") = "ReservationService", "ReservationService\ReservationService.csproj", "{EC0DC6DA-1BC9-44EF-872A-EB2683001EA0}"
EndProject
Global
	GlobalSection(SolutionConfigurationPlatforms) = preSolution
		Debug|Any CPU = Debug|Any CPU
		Release|Any CPU = Release|Any CPU
	EndGlobalSection
	GlobalSection(ProjectConfigurationPlatforms) = postSolution
		{EC0DC6DA-1BC9-44EF-872A-EB2683001EA0}.Debug|Any CPU.ActiveCfg = Debug|Any CPU
		{EC0DC6DA-1BC9-44EF-872A-EB2683001EA0}.Debug|Any CPU.Build.0 = Debug|Any CPU
		{EC0DC6DA-1BC9-44EF-872A-EB2683001EA0}.Release|Any CPU.ActiveCfg = Release|Any CPU
		{EC0DC6DA-1BC9-44EF-872A-EB2683001EA0}.Release|Any CPU.Build.0 = Release|Any CPU
	EndGlobalSection
	GlobalSection(SolutionProperties) = preSolution
		HideSolutionNode = FALSE
	EndGlobalSection
	GlobalSection(ExtensibilityGlobals) = postSolution
		SolutionGuid = {A21E6F9D-DBF3-42F0-A89A-D3466A63F2E2}
	EndGlobalSection
EndGlobal
